
Microsoft Visual Studio Solution File, Format Version 12.00
# Visual Studio 15
VisualStudioVersion = 15.0.26228.10
MinimumVisualStudioVersion = 10.0.40219.1
Project("{FAE04EC0-301F-11D3-BF4B-00C04F79EFBC}") = "ZipfItUp", "ZipfItUp\ZipfItUp.csproj", "{301F45BC-8005-4151-9C87-DD29E9D0D94F}"
EndProject
Project("{FAE04EC0-301F-11D3-BF4B-00C04F79EFBC}") = "ZipfItUp.Tests", "ZipfItUp.Tests\ZipfItUp.Tests.csproj", "{C7593760-CD28-4BBA-BD64-7698F762A3E3}"
EndProject
Project("{FAE04EC0-301F-11D3-BF4B-00C04F79EFBC}") = "ZipfItUp.Data", "ZipfItUp.Data\ZipfItUp.Data.csproj", "{4744D6F7-F01A-49E6-88D5-264A182A95DD}"
EndProject
Project("{FAE04EC0-301F-11D3-BF4B-00C04F79EFBC}") = "ZipfItUp.Models", "ZipfItUp.Models\ZipfItUp.Models.csproj", "{DB933137-7F2E-4010-B5BD-2D1E22468836}"
EndProject
Global
	GlobalSection(SolutionConfigurationPlatforms) = preSolution
		Debug|Any CPU = Debug|Any CPU
		Release|Any CPU = Release|Any CPU
	EndGlobalSection
	GlobalSection(ProjectConfigurationPlatforms) = postSolution
		{301F45BC-8005-4151-9C87-DD29E9D0D94F}.Debug|Any CPU.ActiveCfg = Debug|Any CPU
		{301F45BC-8005-4151-9C87-DD29E9D0D94F}.Debug|Any CPU.Build.0 = Debug|Any CPU
		{301F45BC-8005-4151-9C87-DD29E9D0D94F}.Release|Any CPU.ActiveCfg = Release|Any CPU
		{301F45BC-8005-4151-9C87-DD29E9D0D94F}.Release|Any CPU.Build.0 = Release|Any CPU
		{C7593760-CD28-4BBA-BD64-7698F762A3E3}.Debug|Any CPU.ActiveCfg = Debug|Any CPU
		{C7593760-CD28-4BBA-BD64-7698F762A3E3}.Debug|Any CPU.Build.0 = Debug|Any CPU
		{C7593760-CD28-4BBA-BD64-7698F762A3E3}.Release|Any CPU.ActiveCfg = Release|Any CPU
		{C7593760-CD28-4BBA-BD64-7698F762A3E3}.Release|Any CPU.Build.0 = Release|Any CPU
		{4744D6F7-F01A-49E6-88D5-264A182A95DD}.Debug|Any CPU.ActiveCfg = Debug|Any CPU
		{4744D6F7-F01A-49E6-88D5-264A182A95DD}.Debug|Any CPU.Build.0 = Debug|Any CPU
		{4744D6F7-F01A-49E6-88D5-264A182A95DD}.Release|Any CPU.ActiveCfg = Release|Any CPU
		{4744D6F7-F01A-49E6-88D5-264A182A95DD}.Release|Any CPU.Build.0 = Release|Any CPU
		{DB933137-7F2E-4010-B5BD-2D1E22468836}.Debug|Any CPU.ActiveCfg = Debug|Any CPU
		{DB933137-7F2E-4010-B5BD-2D1E22468836}.Debug|Any CPU.Build.0 = Debug|Any CPU
		{DB933137-7F2E-4010-B5BD-2D1E22468836}.Release|Any CPU.ActiveCfg = Release|Any CPU
		{DB933137-7F2E-4010-B5BD-2D1E22468836}.Release|Any CPU.Build.0 = Release|Any CPU
	EndGlobalSection
	GlobalSection(SolutionProperties) = preSolution
		HideSolutionNode = FALSE
	EndGlobalSection
EndGlobal
