
Microsoft Visual Studio Solution File, Format Version 12.00
# Visual Studio 15
VisualStudioVersion = 15.0.26403.3
MinimumVisualStudioVersion = 10.0.40219.1
Project("{FAE04EC0-301F-11D3-BF4B-00C04F79EFBC}") = "ZipfItUp", "ZipfItUp\ZipfItUp.csproj", "{301F45BC-8005-4151-9C87-DD29E9D0D94F}"
EndProject
Project("{FAE04EC0-301F-11D3-BF4B-00C04F79EFBC}") = "ZipfItUp.Tests", "ZipfItUp.Tests\ZipfItUp.Tests.csproj", "{C7593760-CD28-4BBA-BD64-7698F762A3E3}"
EndProject
Project("{FAE04EC0-301F-11D3-BF4B-00C04F79EFBC}") = "ZipfItUp.Data", "ZipfItUp.Data\ZipfItUp.Data.csproj", "{4744D6F7-F01A-49E6-88D5-264A182A95DD}"
EndProject
Project("{FAE04EC0-301F-11D3-BF4B-00C04F79EFBC}") = "ZipfItUp.Models", "ZipfItUp.Models\ZipfItUp.Models.csproj", "{DB933137-7F2E-4010-B5BD-2D1E22468836}"
EndProject
Project("{FAE04EC0-301F-11D3-BF4B-00C04F79EFBC}") = "ZipfItUp.TextManipulator", "ZipfItUp.TextManipulator\ZipfItUp.TextManipulator.csproj", "{AEF8A35C-825E-4A43-B4AB-6B8673B0C97E}"
EndProject
Project("{FAE04EC0-301F-11D3-BF4B-00C04F79EFBC}") = "ZipfItUp.ModelHelper", "ZipfItUp.ModelHelper\ZipfItUp.ModelHelper.csproj", "{E7B3D54C-8E46-4F54-A5ED-4A20880326EF}"
EndProject
Project("{2150E333-8FDC-42A3-9474-1A3956D46DE8}") = "Web", "Web", "{7320963E-8C7E-41F7-BF22-62692A76628B}"
EndProject
Project("{2150E333-8FDC-42A3-9474-1A3956D46DE8}") = "DLL", "DLL", "{3ACCAB1E-0FEE-47BD-9E3F-C1E6F8D07544}"
EndProject
Project("{FAE04EC0-301F-11D3-BF4B-00C04F79EFBC}") = "ZipfItUp.ConsoleTest", "ZipfItUp.ConsoleTest\ZipfItUp.ConsoleTest.csproj", "{9E596C51-7341-4B75-8231-92438251F301}"
EndProject
Project("{FAE04EC0-301F-11D3-BF4B-00C04F79EFBC}") = "ZipfItUp.Query", "ZipfItUp.Query\ZipfItUp.Query.csproj", "{B0B8FB8D-0B74-4ED9-BC57-D5F94366E8CE}"
EndProject
Global
	GlobalSection(SolutionConfigurationPlatforms) = preSolution
		Debug|Any CPU = Debug|Any CPU
		Release|Any CPU = Release|Any CPU
	EndGlobalSection
	GlobalSection(ProjectConfigurationPlatforms) = postSolution
		{301F45BC-8005-4151-9C87-DD29E9D0D94F}.Debug|Any CPU.ActiveCfg = Debug|Any CPU
		{301F45BC-8005-4151-9C87-DD29E9D0D94F}.Debug|Any CPU.Build.0 = Debug|Any CPU
		{301F45BC-8005-4151-9C87-DD29E9D0D94F}.Release|Any CPU.ActiveCfg = Release|Any CPU
		{301F45BC-8005-4151-9C87-DD29E9D0D94F}.Release|Any CPU.Build.0 = Release|Any CPU
		{C7593760-CD28-4BBA-BD64-7698F762A3E3}.Debug|Any CPU.ActiveCfg = Debug|Any CPU
		{C7593760-CD28-4BBA-BD64-7698F762A3E3}.Debug|Any CPU.Build.0 = Debug|Any CPU
		{C7593760-CD28-4BBA-BD64-7698F762A3E3}.Release|Any CPU.ActiveCfg = Release|Any CPU
		{C7593760-CD28-4BBA-BD64-7698F762A3E3}.Release|Any CPU.Build.0 = Release|Any CPU
		{4744D6F7-F01A-49E6-88D5-264A182A95DD}.Debug|Any CPU.ActiveCfg = Debug|Any CPU
		{4744D6F7-F01A-49E6-88D5-264A182A95DD}.Debug|Any CPU.Build.0 = Debug|Any CPU
		{4744D6F7-F01A-49E6-88D5-264A182A95DD}.Release|Any CPU.ActiveCfg = Release|Any CPU
		{4744D6F7-F01A-49E6-88D5-264A182A95DD}.Release|Any CPU.Build.0 = Release|Any CPU
		{DB933137-7F2E-4010-B5BD-2D1E22468836}.Debug|Any CPU.ActiveCfg = Debug|Any CPU
		{DB933137-7F2E-4010-B5BD-2D1E22468836}.Debug|Any CPU.Build.0 = Debug|Any CPU
		{DB933137-7F2E-4010-B5BD-2D1E22468836}.Release|Any CPU.ActiveCfg = Release|Any CPU
		{DB933137-7F2E-4010-B5BD-2D1E22468836}.Release|Any CPU.Build.0 = Release|Any CPU
		{AEF8A35C-825E-4A43-B4AB-6B8673B0C97E}.Debug|Any CPU.ActiveCfg = Debug|Any CPU
		{AEF8A35C-825E-4A43-B4AB-6B8673B0C97E}.Debug|Any CPU.Build.0 = Debug|Any CPU
		{AEF8A35C-825E-4A43-B4AB-6B8673B0C97E}.Release|Any CPU.ActiveCfg = Release|Any CPU
		{AEF8A35C-825E-4A43-B4AB-6B8673B0C97E}.Release|Any CPU.Build.0 = Release|Any CPU
		{E7B3D54C-8E46-4F54-A5ED-4A20880326EF}.Debug|Any CPU.ActiveCfg = Debug|Any CPU
		{E7B3D54C-8E46-4F54-A5ED-4A20880326EF}.Debug|Any CPU.Build.0 = Debug|Any CPU
		{E7B3D54C-8E46-4F54-A5ED-4A20880326EF}.Release|Any CPU.ActiveCfg = Release|Any CPU
		{E7B3D54C-8E46-4F54-A5ED-4A20880326EF}.Release|Any CPU.Build.0 = Release|Any CPU
		{9E596C51-7341-4B75-8231-92438251F301}.Debug|Any CPU.ActiveCfg = Debug|Any CPU
		{9E596C51-7341-4B75-8231-92438251F301}.Debug|Any CPU.Build.0 = Debug|Any CPU
		{9E596C51-7341-4B75-8231-92438251F301}.Release|Any CPU.ActiveCfg = Release|Any CPU
		{9E596C51-7341-4B75-8231-92438251F301}.Release|Any CPU.Build.0 = Release|Any CPU
		{B0B8FB8D-0B74-4ED9-BC57-D5F94366E8CE}.Debug|Any CPU.ActiveCfg = Debug|Any CPU
		{B0B8FB8D-0B74-4ED9-BC57-D5F94366E8CE}.Debug|Any CPU.Build.0 = Debug|Any CPU
		{B0B8FB8D-0B74-4ED9-BC57-D5F94366E8CE}.Release|Any CPU.ActiveCfg = Release|Any CPU
		{B0B8FB8D-0B74-4ED9-BC57-D5F94366E8CE}.Release|Any CPU.Build.0 = Release|Any CPU
	EndGlobalSection
	GlobalSection(SolutionProperties) = preSolution
		HideSolutionNode = FALSE
	EndGlobalSection
	GlobalSection(NestedProjects) = preSolution
		{301F45BC-8005-4151-9C87-DD29E9D0D94F} = {7320963E-8C7E-41F7-BF22-62692A76628B}
		{C7593760-CD28-4BBA-BD64-7698F762A3E3} = {7320963E-8C7E-41F7-BF22-62692A76628B}
		{4744D6F7-F01A-49E6-88D5-264A182A95DD} = {3ACCAB1E-0FEE-47BD-9E3F-C1E6F8D07544}
		{DB933137-7F2E-4010-B5BD-2D1E22468836} = {3ACCAB1E-0FEE-47BD-9E3F-C1E6F8D07544}
		{AEF8A35C-825E-4A43-B4AB-6B8673B0C97E} = {3ACCAB1E-0FEE-47BD-9E3F-C1E6F8D07544}
		{E7B3D54C-8E46-4F54-A5ED-4A20880326EF} = {3ACCAB1E-0FEE-47BD-9E3F-C1E6F8D07544}
		{B0B8FB8D-0B74-4ED9-BC57-D5F94366E8CE} = {3ACCAB1E-0FEE-47BD-9E3F-C1E6F8D07544}
	EndGlobalSection
EndGlobal
